// !$*UTF8*$!
{
	archiveVersion = 1;
	classes = {
	};
	objectVersion = 48;
	objects = {

/* Begin PBXBuildFile section */
		2EDE9ADD20CF3B0C00D5E360 /* AppDelegate.swift in Sources */ = {isa = PBXBuildFile; fileRef = 2EDE9ADC20CF3B0C00D5E360 /* AppDelegate.swift */; };
		2EDE9ADF20CF3B0C00D5E360 /* ViewController.swift in Sources */ = {isa = PBXBuildFile; fileRef = 2EDE9ADE20CF3B0C00D5E360 /* ViewController.swift */; };
		2EDE9AE220CF3B0C00D5E360 /* Main.storyboard in Resources */ = {isa = PBXBuildFile; fileRef = 2EDE9AE020CF3B0C00D5E360 /* Main.storyboard */; };
		2EDE9AE420CF3B0C00D5E360 /* Assets.xcassets in Resources */ = {isa = PBXBuildFile; fileRef = 2EDE9AE320CF3B0C00D5E360 /* Assets.xcassets */; };
		2EDE9AE720CF3B0C00D5E360 /* LaunchScreen.storyboard in Resources */ = {isa = PBXBuildFile; fileRef = 2EDE9AE520CF3B0C00D5E360 /* LaunchScreen.storyboard */; };
		2EDE9AF220CF3B0C00D5E360 /* NuoolyTests.swift in Sources */ = {isa = PBXBuildFile; fileRef = 2EDE9AF120CF3B0C00D5E360 /* NuoolyTests.swift */; };
		2EDE9AFD20CF3B0C00D5E360 /* NuoolyUITests.swift in Sources */ = {isa = PBXBuildFile; fileRef = 2EDE9AFC20CF3B0C00D5E360 /* NuoolyUITests.swift */; };
/* End PBXBuildFile section */

/* Begin PBXContainerItemProxy section */
		2EDE9AEE20CF3B0C00D5E360 /* PBXContainerItemProxy */ = {
			isa = PBXContainerItemProxy;
			containerPortal = 2EDE9AD120CF3B0C00D5E360 /* Project object */;
			proxyType = 1;
			remoteGlobalIDString = 2EDE9AD820CF3B0C00D5E360;
			remoteInfo = Nuooly;
		};
		2EDE9AF920CF3B0C00D5E360 /* PBXContainerItemProxy */ = {
			isa = PBXContainerItemProxy;
			containerPortal = 2EDE9AD120CF3B0C00D5E360 /* Project object */;
			proxyType = 1;
			remoteGlobalIDString = 2EDE9AD820CF3B0C00D5E360;
			remoteInfo = Nuooly;
		};
/* End PBXContainerItemProxy section */

/* Begin PBXFileReference section */
		2EDE9AD920CF3B0C00D5E360 /* Nuooly.app */ = {isa = PBXFileReference; explicitFileType = wrapper.application; includeInIndex = 0; path = Nuooly.app; sourceTree = BUILT_PRODUCTS_DIR; };
		2EDE9ADC20CF3B0C00D5E360 /* AppDelegate.swift */ = {isa = PBXFileReference; lastKnownFileType = sourcecode.swift; path = AppDelegate.swift; sourceTree = "<group>"; };
		2EDE9ADE20CF3B0C00D5E360 /* ViewController.swift */ = {isa = PBXFileReference; lastKnownFileType = sourcecode.swift; path = ViewController.swift; sourceTree = "<group>"; };
		2EDE9AE120CF3B0C00D5E360 /* Base */ = {isa = PBXFileReference; lastKnownFileType = file.storyboard; name = Base; path = Base.lproj/Main.storyboard; sourceTree = "<group>"; };
		2EDE9AE320CF3B0C00D5E360 /* Assets.xcassets */ = {isa = PBXFileReference; lastKnownFileType = folder.assetcatalog; path = Assets.xcassets; sourceTree = "<group>"; };
		2EDE9AE620CF3B0C00D5E360 /* Base */ = {isa = PBXFileReference; lastKnownFileType = file.storyboard; name = Base; path = Base.lproj/LaunchScreen.storyboard; sourceTree = "<group>"; };
		2EDE9AE820CF3B0C00D5E360 /* Info.plist */ = {isa = PBXFileReference; lastKnownFileType = text.plist.xml; path = Info.plist; sourceTree = "<group>"; };
		2EDE9AED20CF3B0C00D5E360 /* NuoolyTests.xctest */ = {isa = PBXFileReference; explicitFileType = wrapper.cfbundle; includeInIndex = 0; path = NuoolyTests.xctest; sourceTree = BUILT_PRODUCTS_DIR; };
		2EDE9AF120CF3B0C00D5E360 /* NuoolyTests.swift */ = {isa = PBXFileReference; lastKnownFileType = sourcecode.swift; path = NuoolyTests.swift; sourceTree = "<group>"; };
		2EDE9AF320CF3B0C00D5E360 /* Info.plist */ = {isa = PBXFileReference; lastKnownFileType = text.plist.xml; path = Info.plist; sourceTree = "<group>"; };
		2EDE9AF820CF3B0C00D5E360 /* NuoolyUITests.xctest */ = {isa = PBXFileReference; explicitFileType = wrapper.cfbundle; includeInIndex = 0; path = NuoolyUITests.xctest; sourceTree = BUILT_PRODUCTS_DIR; };
		2EDE9AFC20CF3B0C00D5E360 /* NuoolyUITests.swift */ = {isa = PBXFileReference; lastKnownFileType = sourcecode.swift; path = NuoolyUITests.swift; sourceTree = "<group>"; };
		2EDE9AFE20CF3B0C00D5E360 /* Info.plist */ = {isa = PBXFileReference; lastKnownFileType = text.plist.xml; path = Info.plist; sourceTree = "<group>"; };
/* End PBXFileReference section */

/* Begin PBXFrameworksBuildPhase section */
		2EDE9AD620CF3B0C00D5E360 /* Frameworks */ = {
			isa = PBXFrameworksBuildPhase;
			buildActionMask = 2147483647;
			files = (
			);
			runOnlyForDeploymentPostprocessing = 0;
		};
		2EDE9AEA20CF3B0C00D5E360 /* Frameworks */ = {
			isa = PBXFrameworksBuildPhase;
			buildActionMask = 2147483647;
			files = (
			);
			runOnlyForDeploymentPostprocessing = 0;
		};
		2EDE9AF520CF3B0C00D5E360 /* Frameworks */ = {
			isa = PBXFrameworksBuildPhase;
			buildActionMask = 2147483647;
			files = (
			);
			runOnlyForDeploymentPostprocessing = 0;
		};
/* End PBXFrameworksBuildPhase section */

/* Begin PBXGroup section */
		2EDE9AD020CF3B0C00D5E360 = {
			isa = PBXGroup;
			children = (
				2EDE9ADB20CF3B0C00D5E360 /* Nuooly */,
				2EDE9AF020CF3B0C00D5E360 /* NuoolyTests */,
				2EDE9AFB20CF3B0C00D5E360 /* NuoolyUITests */,
				2EDE9ADA20CF3B0C00D5E360 /* Products */,
			);
			sourceTree = "<group>";
		};
		2EDE9ADA20CF3B0C00D5E360 /* Products */ = {
			isa = PBXGroup;
			children = (
				2EDE9AD920CF3B0C00D5E360 /* Nuooly.app */,
				2EDE9AED20CF3B0C00D5E360 /* NuoolyTests.xctest */,
				2EDE9AF820CF3B0C00D5E360 /* NuoolyUITests.xctest */,
			);
			name = Products;
			sourceTree = "<group>";
		};
		2EDE9ADB20CF3B0C00D5E360 /* Nuooly */ = {
			isa = PBXGroup;
			children = (
				2EDE9ADC20CF3B0C00D5E360 /* AppDelegate.swift */,
				2EDE9ADE20CF3B0C00D5E360 /* ViewController.swift */,
				2EDE9AE020CF3B0C00D5E360 /* Main.storyboard */,
				2EDE9AE320CF3B0C00D5E360 /* Assets.xcassets */,
				2EDE9AE520CF3B0C00D5E360 /* LaunchScreen.storyboard */,
				2EDE9AE820CF3B0C00D5E360 /* Info.plist */,
			);
			path = Nuooly;
			sourceTree = "<group>";
		};
		2EDE9AF020CF3B0C00D5E360 /* NuoolyTests */ = {
			isa = PBXGroup;
			children = (
				2EDE9AF120CF3B0C00D5E360 /* NuoolyTests.swift */,
				2EDE9AF320CF3B0C00D5E360 /* Info.plist */,
			);
			path = NuoolyTests;
			sourceTree = "<group>";
		};
		2EDE9AFB20CF3B0C00D5E360 /* NuoolyUITests */ = {
			isa = PBXGroup;
			children = (
				2EDE9AFC20CF3B0C00D5E360 /* NuoolyUITests.swift */,
				2EDE9AFE20CF3B0C00D5E360 /* Info.plist */,
			);
			path = NuoolyUITests;
			sourceTree = "<group>";
		};
/* End PBXGroup section */

/* Begin PBXNativeTarget section */
		2EDE9AD820CF3B0C00D5E360 /* Nuooly */ = {
			isa = PBXNativeTarget;
			buildConfigurationList = 2EDE9B0120CF3B0C00D5E360 /* Build configuration list for PBXNativeTarget "Nuooly" */;
			buildPhases = (
				2EDE9AD520CF3B0C00D5E360 /* Sources */,
				2EDE9AD620CF3B0C00D5E360 /* Frameworks */,
				2EDE9AD720CF3B0C00D5E360 /* Resources */,
			);
			buildRules = (
			);
			dependencies = (
			);
			name = Nuooly;
			productName = Nuooly;
			productReference = 2EDE9AD920CF3B0C00D5E360 /* Nuooly.app */;
			productType = "com.apple.product-type.application";
		};
		2EDE9AEC20CF3B0C00D5E360 /* NuoolyTests */ = {
			isa = PBXNativeTarget;
			buildConfigurationList = 2EDE9B0420CF3B0C00D5E360 /* Build configuration list for PBXNativeTarget "NuoolyTests" */;
			buildPhases = (
				2EDE9AE920CF3B0C00D5E360 /* Sources */,
				2EDE9AEA20CF3B0C00D5E360 /* Frameworks */,
				2EDE9AEB20CF3B0C00D5E360 /* Resources */,
			);
			buildRules = (
			);
			dependencies = (
				2EDE9AEF20CF3B0C00D5E360 /* PBXTargetDependency */,
			);
			name = NuoolyTests;
			productName = NuoolyTests;
			productReference = 2EDE9AED20CF3B0C00D5E360 /* NuoolyTests.xctest */;
			productType = "com.apple.product-type.bundle.unit-test";
		};
		2EDE9AF720CF3B0C00D5E360 /* NuoolyUITests */ = {
			isa = PBXNativeTarget;
			buildConfigurationList = 2EDE9B0720CF3B0C00D5E360 /* Build configuration list for PBXNativeTarget "NuoolyUITests" */;
			buildPhases = (
				2EDE9AF420CF3B0C00D5E360 /* Sources */,
				2EDE9AF520CF3B0C00D5E360 /* Frameworks */,
				2EDE9AF620CF3B0C00D5E360 /* Resources */,
			);
			buildRules = (
			);
			dependencies = (
				2EDE9AFA20CF3B0C00D5E360 /* PBXTargetDependency */,
			);
			name = NuoolyUITests;
			productName = NuoolyUITests;
			productReference = 2EDE9AF820CF3B0C00D5E360 /* NuoolyUITests.xctest */;
			productType = "com.apple.product-type.bundle.ui-testing";
		};
/* End PBXNativeTarget section */

/* Begin PBXProject section */
		2EDE9AD120CF3B0C00D5E360 /* Project object */ = {
			isa = PBXProject;
			attributes = {
				LastSwiftUpdateCheck = 0900;
				LastUpgradeCheck = 0900;
				ORGANIZATIONNAME = "Mahnoor Fatima";
				TargetAttributes = {
					2EDE9AD820CF3B0C00D5E360 = {
						CreatedOnToolsVersion = 9.0;
						ProvisioningStyle = Automatic;
					};
					2EDE9AEC20CF3B0C00D5E360 = {
						CreatedOnToolsVersion = 9.0;
						ProvisioningStyle = Automatic;
						TestTargetID = 2EDE9AD820CF3B0C00D5E360;
					};
					2EDE9AF720CF3B0C00D5E360 = {
						CreatedOnToolsVersion = 9.0;
						ProvisioningStyle = Automatic;
						TestTargetID = 2EDE9AD820CF3B0C00D5E360;
					};
				};
			};
			buildConfigurationList = 2EDE9AD420CF3B0C00D5E360 /* Build configuration list for PBXProject "Nuooly" */;
			compatibilityVersion = "Xcode 8.0";
			developmentRegion = en;
			hasScannedForEncodings = 0;
			knownRegions = (
				en,
				Base,
			);
			mainGroup = 2EDE9AD020CF3B0C00D5E360;
			productRefGroup = 2EDE9ADA20CF3B0C00D5E360 /* Products */;
			projectDirPath = "";
			projectRoot = "";
			targets = (
				2EDE9AD820CF3B0C00D5E360 /* Nuooly */,
				2EDE9AEC20CF3B0C00D5E360 /* NuoolyTests */,
				2EDE9AF720CF3B0C00D5E360 /* NuoolyUITests */,
			);
		};
/* End PBXProject section */

/* Begin PBXResourcesBuildPhase section */
		2EDE9AD720CF3B0C00D5E360 /* Resources */ = {
			isa = PBXResourcesBuildPhase;
			buildActionMask = 2147483647;
			files = (
				2EDE9AE720CF3B0C00D5E360 /* LaunchScreen.storyboard in Resources */,
				2EDE9AE420CF3B0C00D5E360 /* Assets.xcassets in Resources */,
				2EDE9AE220CF3B0C00D5E360 /* Main.storyboard in Resources */,
			);
			runOnlyForDeploymentPostprocessing = 0;
		};
		2EDE9AEB20CF3B0C00D5E360 /* Resources */ = {
			isa = PBXResourcesBuildPhase;
			buildActionMask = 2147483647;
			files = (
			);
			runOnlyForDeploymentPostprocessing = 0;
		};
		2EDE9AF620CF3B0C00D5E360 /* Resources */ = {
			isa = PBXResourcesBuildPhase;
			buildActionMask = 2147483647;
			files = (
			);
			runOnlyForDeploymentPostprocessing = 0;
		};
/* End PBXResourcesBuildPhase section */

/* Begin PBXSourcesBuildPhase section */
		2EDE9AD520CF3B0C00D5E360 /* Sources */ = {
			isa = PBXSourcesBuildPhase;
			buildActionMask = 2147483647;
			files = (
				2EDE9ADF20CF3B0C00D5E360 /* ViewController.swift in Sources */,
				2EDE9ADD20CF3B0C00D5E360 /* AppDelegate.swift in Sources */,
			);
			runOnlyForDeploymentPostprocessing = 0;
		};
		2EDE9AE920CF3B0C00D5E360 /* Sources */ = {
			isa = PBXSourcesBuildPhase;
			buildActionMask = 2147483647;
			files = (
				2EDE9AF220CF3B0C00D5E360 /* NuoolyTests.swift in Sources */,
			);
			runOnlyForDeploymentPostprocessing = 0;
		};
		2EDE9AF420CF3B0C00D5E360 /* Sources */ = {
			isa = PBXSourcesBuildPhase;
			buildActionMask = 2147483647;
			files = (
				2EDE9AFD20CF3B0C00D5E360 /* NuoolyUITests.swift in Sources */,
			);
			runOnlyForDeploymentPostprocessing = 0;
		};
/* End PBXSourcesBuildPhase section */

/* Begin PBXTargetDependency section */
		2EDE9AEF20CF3B0C00D5E360 /* PBXTargetDependency */ = {
			isa = PBXTargetDependency;
			target = 2EDE9AD820CF3B0C00D5E360 /* Nuooly */;
			targetProxy = 2EDE9AEE20CF3B0C00D5E360 /* PBXContainerItemProxy */;
		};
		2EDE9AFA20CF3B0C00D5E360 /* PBXTargetDependency */ = {
			isa = PBXTargetDependency;
			target = 2EDE9AD820CF3B0C00D5E360 /* Nuooly */;
			targetProxy = 2EDE9AF920CF3B0C00D5E360 /* PBXContainerItemProxy */;
		};
/* End PBXTargetDependency section */

/* Begin PBXVariantGroup section */
		2EDE9AE020CF3B0C00D5E360 /* Main.storyboard */ = {
			isa = PBXVariantGroup;
			children = (
				2EDE9AE120CF3B0C00D5E360 /* Base */,
			);
			name = Main.storyboard;
			sourceTree = "<group>";
		};
		2EDE9AE520CF3B0C00D5E360 /* LaunchScreen.storyboard */ = {
			isa = PBXVariantGroup;
			children = (
				2EDE9AE620CF3B0C00D5E360 /* Base */,
			);
			name = LaunchScreen.storyboard;
			sourceTree = "<group>";
		};
/* End PBXVariantGroup section */

/* Begin XCBuildConfiguration section */
		2EDE9AFF20CF3B0C00D5E360 /* Debug */ = {
			isa = XCBuildConfiguration;
			buildSettings = {
				ALWAYS_SEARCH_USER_PATHS = NO;
				CLANG_ANALYZER_NONNULL = YES;
				CLANG_ANALYZER_NUMBER_OBJECT_CONVERSION = YES_AGGRESSIVE;
				CLANG_CXX_LANGUAGE_STANDARD = "gnu++14";
				CLANG_CXX_LIBRARY = "libc++";
				CLANG_ENABLE_MODULES = YES;
				CLANG_ENABLE_OBJC_ARC = YES;
				CLANG_WARN_BLOCK_CAPTURE_AUTORELEASING = YES;
				CLANG_WARN_BOOL_CONVERSION = YES;
				CLANG_WARN_COMMA = YES;
				CLANG_WARN_CONSTANT_CONVERSION = YES;
				CLANG_WARN_DIRECT_OBJC_ISA_USAGE = YES_ERROR;
				CLANG_WARN_DOCUMENTATION_COMMENTS = YES;
				CLANG_WARN_EMPTY_BODY = YES;
				CLANG_WARN_ENUM_CONVERSION = YES;
				CLANG_WARN_INFINITE_RECURSION = YES;
				CLANG_WARN_INT_CONVERSION = YES;
				CLANG_WARN_NON_LITERAL_NULL_CONVERSION = YES;
				CLANG_WARN_OBJC_LITERAL_CONVERSION = YES;
				CLANG_WARN_OBJC_ROOT_CLASS = YES_ERROR;
				CLANG_WARN_RANGE_LOOP_ANALYSIS = YES;
				CLANG_WARN_STRICT_PROTOTYPES = YES;
				CLANG_WARN_SUSPICIOUS_MOVE = YES;
				CLANG_WARN_UNGUARDED_AVAILABILITY = YES_AGGRESSIVE;
				CLANG_WARN_UNREACHABLE_CODE = YES;
				CLANG_WARN__DUPLICATE_METHOD_MATCH = YES;
				CODE_SIGN_IDENTITY = "iPhone Developer";
				COPY_PHASE_STRIP = NO;
				DEBUG_INFORMATION_FORMAT = dwarf;
				ENABLE_STRICT_OBJC_MSGSEND = YES;
				ENABLE_TESTABILITY = YES;
				GCC_C_LANGUAGE_STANDARD = gnu11;
				GCC_DYNAMIC_NO_PIC = NO;
				GCC_NO_COMMON_BLOCKS = YES;
				GCC_OPTIMIZATION_LEVEL = 0;
				GCC_PREPROCESSOR_DEFINITIONS = (
					"DEBUG=1",
					"$(inherited)",
				);
				GCC_WARN_64_TO_32_BIT_CONVERSION = YES;
				GCC_WARN_ABOUT_RETURN_TYPE = YES_ERROR;
				GCC_WARN_UNDECLARED_SELECTOR = YES;
				GCC_WARN_UNINITIALIZED_AUTOS = YES_AGGRESSIVE;
				GCC_WARN_UNUSED_FUNCTION = YES;
				GCC_WARN_UNUSED_VARIABLE = YES;
				IPHONEOS_DEPLOYMENT_TARGET = 11.0;
				MTL_ENABLE_DEBUG_INFO = YES;
				ONLY_ACTIVE_ARCH = YES;
				SDKROOT = iphoneos;
				SWIFT_ACTIVE_COMPILATION_CONDITIONS = DEBUG;
				SWIFT_OPTIMIZATION_LEVEL = "-Onone";
			};
			name = Debug;
		};
		2EDE9B0020CF3B0C00D5E360 /* Release */ = {
			isa = XCBuildConfiguration;
			buildSettings = {
				ALWAYS_SEARCH_USER_PATHS = NO;
				CLANG_ANALYZER_NONNULL = YES;
				CLANG_ANALYZER_NUMBER_OBJECT_CONVERSION = YES_AGGRESSIVE;
				CLANG_CXX_LANGUAGE_STANDARD = "gnu++14";
				CLANG_CXX_LIBRARY = "libc++";
				CLANG_ENABLE_MODULES = YES;
				CLANG_ENABLE_OBJC_ARC = YES;
				CLANG_WARN_BLOCK_CAPTURE_AUTORELEASING = YES;
				CLANG_WARN_BOOL_CONVERSION = YES;
				CLANG_WARN_COMMA = YES;
				CLANG_WARN_CONSTANT_CONVERSION = YES;
				CLANG_WARN_DIRECT_OBJC_ISA_USAGE = YES_ERROR;
				CLANG_WARN_DOCUMENTATION_COMMENTS = YES;
				CLANG_WARN_EMPTY_BODY = YES;
				CLANG_WARN_ENUM_CONVERSION = YES;
				CLANG_WARN_INFINITE_RECURSION = YES;
				CLANG_WARN_INT_CONVERSION = YES;
				CLANG_WARN_NON_LITERAL_NULL_CONVERSION = YES;
				CLANG_WARN_OBJC_LITERAL_CONVERSION = YES;
				CLANG_WARN_OBJC_ROOT_CLASS = YES_ERROR;
				CLANG_WARN_RANGE_LOOP_ANALYSIS = YES;
				CLANG_WARN_STRICT_PROTOTYPES = YES;
				CLANG_WARN_SUSPICIOUS_MOVE = YES;
				CLANG_WARN_UNGUARDED_AVAILABILITY = YES_AGGRESSIVE;
				CLANG_WARN_UNREACHABLE_CODE = YES;
				CLANG_WARN__DUPLICATE_METHOD_MATCH = YES;
				CODE_SIGN_IDENTITY = "iPhone Developer";
				COPY_PHASE_STRIP = NO;
				DEBUG_INFORMATION_FORMAT = "dwarf-with-dsym";
				ENABLE_NS_ASSERTIONS = NO;
				ENABLE_STRICT_OBJC_MSGSEND = YES;
				GCC_C_LANGUAGE_STANDARD = gnu11;
				GCC_NO_COMMON_BLOCKS = YES;
				GCC_WARN_64_TO_32_BIT_CONVERSION = YES;
				GCC_WARN_ABOUT_RETURN_TYPE = YES_ERROR;
				GCC_WARN_UNDECLARED_SELECTOR = YES;
				GCC_WARN_UNINITIALIZED_AUTOS = YES_AGGRESSIVE;
				GCC_WARN_UNUSED_FUNCTION = YES;
				GCC_WARN_UNUSED_VARIABLE = YES;
				IPHONEOS_DEPLOYMENT_TARGET = 11.0;
				MTL_ENABLE_DEBUG_INFO = NO;
				SDKROOT = iphoneos;
				SWIFT_OPTIMIZATION_LEVEL = "-Owholemodule";
				VALIDATE_PRODUCT = YES;
			};
			name = Release;
		};
		2EDE9B0220CF3B0C00D5E360 /* Debug */ = {
			isa = XCBuildConfiguration;
			buildSettings = {
				ASSETCATALOG_COMPILER_APPICON_NAME = AppIcon;
				CODE_SIGN_STYLE = Automatic;
				DEVELOPMENT_TEAM = BN9Z5GD2CG;
				INFOPLIST_FILE = Nuooly/Info.plist;
				LD_RUNPATH_SEARCH_PATHS = "$(inherited) @executable_path/Frameworks";
				PRODUCT_BUNDLE_IDENTIFIER = com.codeX.Nuooly;
				PRODUCT_NAME = "$(TARGET_NAME)";
				SWIFT_VERSION = 4.0;
				TARGETED_DEVICE_FAMILY = "1,2";
			};
			name = Debug;
		};
		2EDE9B0320CF3B0C00D5E360 /* Release */ = {
			isa = XCBuildConfiguration;
			buildSettings = {
				ASSETCATALOG_COMPILER_APPICON_NAME = AppIcon;
				CODE_SIGN_STYLE = Automatic;
				DEVELOPMENT_TEAM = BN9Z5GD2CG;
				INFOPLIST_FILE = Nuooly/Info.plist;
				LD_RUNPATH_SEARCH_PATHS = "$(inherited) @executable_path/Frameworks";
				PRODUCT_BUNDLE_IDENTIFIER = com.codeX.Nuooly;
				PRODUCT_NAME = "$(TARGET_NAME)";
				SWIFT_VERSION = 4.0;
				TARGETED_DEVICE_FAMILY = "1,2";
			};
			name = Release;
		};
		2EDE9B0520CF3B0C00D5E360 /* Debug */ = {
			isa = XCBuildConfiguration;
			buildSettings = {
				ALWAYS_EMBED_SWIFT_STANDARD_LIBRARIES = YES;
				BUNDLE_LOADER = "$(TEST_HOST)";
				CODE_SIGN_STYLE = Automatic;
				DEVELOPMENT_TEAM = BN9Z5GD2CG;
				INFOPLIST_FILE = NuoolyTests/Info.plist;
				LD_RUNPATH_SEARCH_PATHS = "$(inherited) @executable_path/Frameworks @loader_path/Frameworks";
				PRODUCT_BUNDLE_IDENTIFIER = com.codeX.NuoolyTests;
				PRODUCT_NAME = "$(TARGET_NAME)";
				SWIFT_VERSION = 4.0;
				TARGETED_DEVICE_FAMILY = "1,2";
				TEST_HOST = "$(BUILT_PRODUCTS_DIR)/Nuooly.app/Nuooly";
			};
			name = Debug;
		};
		2EDE9B0620CF3B0C00D5E360 /* Release */ = {
			isa = XCBuildConfiguration;
			buildSettings = {
				ALWAYS_EMBED_SWIFT_STANDARD_LIBRARIES = YES;
				BUNDLE_LOADER = "$(TEST_HOST)";
				CODE_SIGN_STYLE = Automatic;
				DEVELOPMENT_TEAM = BN9Z5GD2CG;
				INFOPLIST_FILE = NuoolyTests/Info.plist;
				LD_RUNPATH_SEARCH_PATHS = "$(inherited) @executable_path/Frameworks @loader_path/Frameworks";
				PRODUCT_BUNDLE_IDENTIFIER = com.codeX.NuoolyTests;
				PRODUCT_NAME = "$(TARGET_NAME)";
				SWIFT_VERSION = 4.0;
				TARGETED_DEVICE_FAMILY = "1,2";
				TEST_HOST = "$(BUILT_PRODUCTS_DIR)/Nuooly.app/Nuooly";
			};
			name = Release;
		};
		2EDE9B0820CF3B0C00D5E360 /* Debug */ = {
			isa = XCBuildConfiguration;
			buildSettings = {
				ALWAYS_EMBED_SWIFT_STANDARD_LIBRARIES = YES;
				CODE_SIGN_STYLE = Automatic;
				DEVELOPMENT_TEAM = BN9Z5GD2CG;
				INFOPLIST_FILE = NuoolyUITests/Info.plist;
				LD_RUNPATH_SEARCH_PATHS = "$(inherited) @executable_path/Frameworks @loader_path/Frameworks";
				PRODUCT_BUNDLE_IDENTIFIER = com.codeX.NuoolyUITests;
				PRODUCT_NAME = "$(TARGET_NAME)";
				SWIFT_VERSION = 4.0;
				TARGETED_DEVICE_FAMILY = "1,2";
				TEST_TARGET_NAME = Nuooly;
			};
			name = Debug;
		};
		2EDE9B0920CF3B0C00D5E360 /* Release */ = {
			isa = XCBuildConfiguration;
			buildSettings = {
				ALWAYS_EMBED_SWIFT_STANDARD_LIBRARIES = YES;
				CODE_SIGN_STYLE = Automatic;
				DEVELOPMENT_TEAM = BN9Z5GD2CG;
				INFOPLIST_FILE = NuoolyUITests/Info.plist;
				LD_RUNPATH_SEARCH_PATHS = "$(inherited) @executable_path/Frameworks @loader_path/Frameworks";
				PRODUCT_BUNDLE_IDENTIFIER = com.codeX.NuoolyUITests;
				PRODUCT_NAME = "$(TARGET_NAME)";
				SWIFT_VERSION = 4.0;
				TARGETED_DEVICE_FAMILY = "1,2";
				TEST_TARGET_NAME = Nuooly;
			};
			name = Release;
		};
/* End XCBuildConfiguration section */

/* Begin XCConfigurationList section */
		2EDE9AD420CF3B0C00D5E360 /* Build configuration list for PBXProject "Nuooly" */ = {
			isa = XCConfigurationList;
			buildConfigurations = (
				2EDE9AFF20CF3B0C00D5E360 /* Debug */,
				2EDE9B0020CF3B0C00D5E360 /* Release */,
			);
			defaultConfigurationIsVisible = 0;
			defaultConfigurationName = Release;
		};
		2EDE9B0120CF3B0C00D5E360 /* Build configuration list for PBXNativeTarget "Nuooly" */ = {
			isa = XCConfigurationList;
			buildConfigurations = (
				2EDE9B0220CF3B0C00D5E360 /* Debug */,
				2EDE9B0320CF3B0C00D5E360 /* Release */,
			);
			defaultConfigurationIsVisible = 0;
			defaultConfigurationName = Release;
		};
		2EDE9B0420CF3B0C00D5E360 /* Build configuration list for PBXNativeTarget "NuoolyTests" */ = {
			isa = XCConfigurationList;
			buildConfigurations = (
				2EDE9B0520CF3B0C00D5E360 /* Debug */,
				2EDE9B0620CF3B0C00D5E360 /* Release */,
			);
			defaultConfigurationIsVisible = 0;
			defaultConfigurationName = Release;
		};
		2EDE9B0720CF3B0C00D5E360 /* Build configuration list for PBXNativeTarget "NuoolyUITests" */ = {
			isa = XCConfigurationList;
			buildConfigurations = (
				2EDE9B0820CF3B0C00D5E360 /* Debug */,
				2EDE9B0920CF3B0C00D5E360 /* Release */,
			);
			defaultConfigurationIsVisible = 0;
			defaultConfigurationName = Release;
		};
/* End XCConfigurationList section */
	};
	rootObject = 2EDE9AD120CF3B0C00D5E360 /* Project object */;
}
